{
  "requires": true,
  "lockfileVersion": 1,
  "dependencies": {
    "foreach": {
      "version": "2.0.5",
      "resolved": "https://registry.npmjs.org/foreach/-/foreach-2.0.5.tgz",
      "integrity": "sha1-C+4AUBiusmDQo6865ljdATbsG5k="
    },
    "functional-easing": {
      "version": "1.0.10",
      "resolved": "https://registry.npmjs.org/functional-easing/-/functional-easing-1.0.10.tgz",
      "integrity": "sha1-1PM//zkugoePxwiWjSVkEArnAPA=",
      "requires": {
        "gm-is": "~1.2.2"
      }
    },
    "gm-is": {
      "version": "1.2.4",
      "resolved": "https://registry.npmjs.org/gm-is/-/gm-is-1.2.4.tgz",
      "integrity": "sha1-7B/UqGT/j9bsHp9EQllQ8uBbBGQ=",
      "requires": {
        "foreach": "~2.0.4"
      }
    }
  }
}
